
Microsoft Visual Studio Solution File, Format Version 12.00
# Visual Studio Version 17
VisualStudioVersion = 17.6.33801.468
MinimumVisualStudioVersion = 10.0.40219.1
Project("{FAE04EC0-301F-11D3-BF4B-00C04F79EFBC}") = "KCN-GenshinPackagingTools", ".\Source\KCN-GenshinPackagingTools.csproj", "{50200E12-270A-4FC6-912E-42EE1BCB558B}"
EndProject
Global
	GlobalSection(SolutionConfigurationPlatforms) = preSolution
		Debug|Any CPU = Debug|Any CPU
		Release|Any CPU = Release|Any CPU
	EndGlobalSection
	GlobalSection(ProjectConfigurationPlatforms) = postSolution
		{50200E12-270A-4FC6-912E-42EE1BCB558B}.Debug|Any CPU.ActiveCfg = Debug|Any CPU
		{50200E12-270A-4FC6-912E-42EE1BCB558B}.Debug|Any CPU.Build.0 = Debug|Any CPU
		{50200E12-270A-4FC6-912E-42EE1BCB558B}.Release|Any CPU.ActiveCfg = Release|Any CPU
		{50200E12-270A-4FC6-912E-42EE1BCB558B}.Release|Any CPU.Build.0 = Release|Any CPU
	EndGlobalSection
	GlobalSection(SolutionProperties) = preSolution
		HideSolutionNode = FALSE
	EndGlobalSection
	GlobalSection(ExtensibilityGlobals) = postSolution
		SolutionGuid = {422B2324-B0E5-4329-ADA6-DF93A6038E4D}
	EndGlobalSection
EndGlobal
